Microsoft Visual Studio Solution File, Format Version 11.00
# Visual Studio 2008

Project("{44C890BB-8A89-B699-E901-26E7731AD3D0}") = "CoinSnapIPhone", "Assembly-CSharp-firstpass-vs.csproj", "{0C6A1288-A57B-1938-F645-35EB85FE803F}"
EndProject
Project("{44C890BB-8A89-B699-E901-26E7731AD3D0}") = "CoinSnapIPhone", "Assembly-CSharp-vs.csproj", "{7F656256-6944-F0C1-B2BB-CEF36A46CF8F}"
EndProject
Project("{44C890BB-8A89-B699-E901-26E7731AD3D0}") = "CoinSnapIPhone", "Assembly-CSharp-Editor-vs.csproj", "{13D10460-FF76-2A45-34FD-DF122C84C43C}"
EndProject
Global
	GlobalSection(SolutionConfigurationPlatforms) = preSolution
		Debug|Any CPU = Debug|Any CPU
		Release|Any CPU = Release|Any CPU
	EndGlobalSection
	GlobalSection(ProjectConfigurationPlatforms) = postSolution
		{0C6A1288-A57B-1938-F645-35EB85FE803F}.Debug|Any CPU.ActiveCfg = Debug|Any CPU
		{0C6A1288-A57B-1938-F645-35EB85FE803F}.Debug|Any CPU.Build.0 = Debug|Any CPU
		{0C6A1288-A57B-1938-F645-35EB85FE803F}.Release|Any CPU.ActiveCfg = Release|Any CPU
		{0C6A1288-A57B-1938-F645-35EB85FE803F}.Release|Any CPU.Build.0 = Release|Any CPU
		{7F656256-6944-F0C1-B2BB-CEF36A46CF8F}.Debug|Any CPU.ActiveCfg = Debug|Any CPU
		{7F656256-6944-F0C1-B2BB-CEF36A46CF8F}.Debug|Any CPU.Build.0 = Debug|Any CPU
		{7F656256-6944-F0C1-B2BB-CEF36A46CF8F}.Release|Any CPU.ActiveCfg = Release|Any CPU
		{7F656256-6944-F0C1-B2BB-CEF36A46CF8F}.Release|Any CPU.Build.0 = Release|Any CPU
		{13D10460-FF76-2A45-34FD-DF122C84C43C}.Debug|Any CPU.ActiveCfg = Debug|Any CPU
		{13D10460-FF76-2A45-34FD-DF122C84C43C}.Debug|Any CPU.Build.0 = Debug|Any CPU
		{13D10460-FF76-2A45-34FD-DF122C84C43C}.Release|Any CPU.ActiveCfg = Release|Any CPU
		{13D10460-FF76-2A45-34FD-DF122C84C43C}.Release|Any CPU.Build.0 = Release|Any CPU
	EndGlobalSection
	GlobalSection(SolutionProperties) = preSolution
		HideSolutionNode = FALSE
	EndGlobalSection
										GlobalSection(MonoDevelopProperties) = preSolution
		StartupItem = Assembly-CSharp.csproj
		Policies = $0
		$0.TextStylePolicy = $1
		$1.inheritsSet = null
		$1.scope = text/x-csharp
		$0.CSharpFormattingPolicy = $2
		$2.inheritsSet = Mono
		$2.inheritsScope = text/x-csharp
		$2.scope = text/x-csharp
		$0.TextStylePolicy = $3
		$3.FileWidth = 120
		$3.TabWidth = 4
		$3.EolMarker = Unix
		$3.inheritsSet = Mono
		$3.inheritsScope = text/plain
		$3.scope = text/plain
	EndGlobalSection

EndGlobal
